{
  "requires": true,
  "lockfileVersion": 1,
  "dependencies": {
    "angular-cookies": {
      "version": "1.6.8",
      "resolved": "https://registry.npmjs.org/angular-cookies/-/angular-cookies-1.6.8.tgz",
      "integrity": "sha512-J1VJH2UxOtKg/R7QBl/6NrDnr3YncTat3qxChL5S67HrG7XoqGzqRXH7HFjVi/nAqUVj5nbZI3jnzF/kfEgxqw=="
    }
  }
}
